
Microsoft Visual Studio Solution File, Format Version 12.00
# Visual Studio Version 16
VisualStudioVersion = 16.0.29306.81
MinimumVisualStudioVersion = 10.0.40219.1
Project("{FAE04EC0-301F-11D3-BF4B-00C04F79EFBC}") = "RpForum", "RpForum.csproj", "{723E7FB5-2957-4843-B309-63E89D843847}"
EndProject
Global
	GlobalSection(SolutionConfigurationPlatforms) = preSolution
		Debug|Any CPU = Debug|Any CPU
		Release|Any CPU = Release|Any CPU
	EndGlobalSection
	GlobalSection(ProjectConfigurationPlatforms) = postSolution
		{723E7FB5-2957-4843-B309-63E89D843847}.Debug|Any CPU.ActiveCfg = Debug|Any CPU
		{723E7FB5-2957-4843-B309-63E89D843847}.Debug|Any CPU.Build.0 = Debug|Any CPU
		{723E7FB5-2957-4843-B309-63E89D843847}.Release|Any CPU.ActiveCfg = Release|Any CPU
		{723E7FB5-2957-4843-B309-63E89D843847}.Release|Any CPU.Build.0 = Release|Any CPU
	EndGlobalSection
	GlobalSection(SolutionProperties) = preSolution
		HideSolutionNode = FALSE
	EndGlobalSection
	GlobalSection(ExtensibilityGlobals) = postSolution
		SolutionGuid = {F28A2AC0-C621-4D0B-BDDD-FB22C6718E69}
	EndGlobalSection
EndGlobal
